// !$*UTF8*$!
{
	archiveVersion = 1;
	classes = {
	};
	objectVersion = 50;
	objects = {

/* Begin PBXBuildFile section */
		D3B74FFE231A98DB00ABE53C /* AppDelegate.swift in Sources */ = {isa = PBXBuildFile; fileRef = D3B74FFD231A98DB00ABE53C /* AppDelegate.swift */; };
		D3B75000231A98DB00ABE53C /* ViewController.swift in Sources */ = {isa = PBXBuildFile; fileRef = D3B74FFF231A98DB00ABE53C /* ViewController.swift */; };
		D3B75003231A98DB00ABE53C /* Main.storyboard in Resources */ = {isa = PBXBuildFile; fileRef = D3B75001231A98DB00ABE53C /* Main.storyboard */; };
		D3B75005231A98DB00ABE53C /* Assets.xcassets in Resources */ = {isa = PBXBuildFile; fileRef = D3B75004231A98DB00ABE53C /* Assets.xcassets */; };
		D3B75008231A98DB00ABE53C /* LaunchScreen.storyboard in Resources */ = {isa = PBXBuildFile; fileRef = D3B75006231A98DB00ABE53C /* LaunchScreen.storyboard */; };
		D3B75010231A994300ABE53C /* EasyAutoLayout.framework in Frameworks */ = {isa = PBXBuildFile; fileRef = D3B7500F231A994300ABE53C /* EasyAutoLayout.framework */; };
		D3B75011231A994300ABE53C /* EasyAutoLayout.framework in Embed Frameworks */ = {isa = PBXBuildFile; fileRef = D3B7500F231A994300ABE53C /* EasyAutoLayout.framework */; settings = {ATTRIBUTES = (CodeSignOnCopy, RemoveHeadersOnCopy, ); }; };
/* End PBXBuildFile section */

/* Begin PBXCopyFilesBuildPhase section */
		D3B75012231A994300ABE53C /* Embed Frameworks */ = {
			isa = PBXCopyFilesBuildPhase;
			buildActionMask = 2147483647;
			dstPath = "";
			dstSubfolderSpec = 10;
			files = (
				D3B75011231A994300ABE53C /* EasyAutoLayout.framework in Embed Frameworks */,
			);
			name = "Embed Frameworks";
			runOnlyForDeploymentPostprocessing = 0;
		};
/* End PBXCopyFilesBuildPhase section */

/* Begin PBXFileReference section */
		D3B74FFA231A98DB00ABE53C /* EasyAutoLayoutSampler.app */ = {isa = PBXFileReference; explicitFileType = wrapper.application; includeInIndex = 0; path = EasyAutoLayoutSampler.app; sourceTree = BUILT_PRODUCTS_DIR; };
		D3B74FFD231A98DB00ABE53C /* AppDelegate.swift */ = {isa = PBXFileReference; lastKnownFileType = sourcecode.swift; path = AppDelegate.swift; sourceTree = "<group>"; };
		D3B74FFF231A98DB00ABE53C /* ViewController.swift */ = {isa = PBXFileReference; lastKnownFileType = sourcecode.swift; path = ViewController.swift; sourceTree = "<group>"; };
		D3B75002231A98DB00ABE53C /* Base */ = {isa = PBXFileReference; lastKnownFileType = file.storyboard; name = Base; path = Base.lproj/Main.storyboard; sourceTree = "<group>"; };
		D3B75004231A98DB00ABE53C /* Assets.xcassets */ = {isa = PBXFileReference; lastKnownFileType = folder.assetcatalog; path = Assets.xcassets; sourceTree = "<group>"; };
		D3B75007231A98DB00ABE53C /* Base */ = {isa = PBXFileReference; lastKnownFileType = file.storyboard; name = Base; path = Base.lproj/LaunchScreen.storyboard; sourceTree = "<group>"; };
		D3B75009231A98DB00ABE53C /* Info.plist */ = {isa = PBXFileReference; lastKnownFileType = text.plist.xml; path = Info.plist; sourceTree = "<group>"; };
		D3B7500F231A994300ABE53C /* EasyAutoLayout.framework */ = {isa = PBXFileReference; lastKnownFileType = wrapper.framework; path = EasyAutoLayout.framework; sourceTree = "<group>"; };
/* End PBXFileReference section */

/* Begin PBXFrameworksBuildPhase section */
		D3B74FF7231A98DB00ABE53C /* Frameworks */ = {
			isa = PBXFrameworksBuildPhase;
			buildActionMask = 2147483647;
			files = (
				D3B75010231A994300ABE53C /* EasyAutoLayout.framework in Frameworks */,
			);
			runOnlyForDeploymentPostprocessing = 0;
		};
/* End PBXFrameworksBuildPhase section */

/* Begin PBXGroup section */
		D3B74FF1231A98DB00ABE53C = {
			isa = PBXGroup;
			children = (
				D3B7500F231A994300ABE53C /* EasyAutoLayout.framework */,
				D3B74FFC231A98DB00ABE53C /* EasyAutoLayoutSampler */,
				D3B74FFB231A98DB00ABE53C /* Products */,
			);
			sourceTree = "<group>";
		};
		D3B74FFB231A98DB00ABE53C /* Products */ = {
			isa = PBXGroup;
			children = (
				D3B74FFA231A98DB00ABE53C /* EasyAutoLayoutSampler.app */,
			);
			name = Products;
			sourceTree = "<group>";
		};
		D3B74FFC231A98DB00ABE53C /* EasyAutoLayoutSampler */ = {
			isa = PBXGroup;
			children = (
				D3B74FFD231A98DB00ABE53C /* AppDelegate.swift */,
				D3B74FFF231A98DB00ABE53C /* ViewController.swift */,
				D3B75001231A98DB00ABE53C /* Main.storyboard */,
				D3B75004231A98DB00ABE53C /* Assets.xcassets */,
				D3B75006231A98DB00ABE53C /* LaunchScreen.storyboard */,
				D3B75009231A98DB00ABE53C /* Info.plist */,
			);
			path = EasyAutoLayoutSampler;
			sourceTree = "<group>";
		};
/* End PBXGroup section */

/* Begin PBXNativeTarget section */
		D3B74FF9231A98DB00ABE53C /* EasyAutoLayoutSampler */ = {
			isa = PBXNativeTarget;
			buildConfigurationList = D3B7500C231A98DB00ABE53C /* Build configuration list for PBXNativeTarget "EasyAutoLayoutSampler" */;
			buildPhases = (
				D3B74FF6231A98DB00ABE53C /* Sources */,
				D3B74FF7231A98DB00ABE53C /* Frameworks */,
				D3B74FF8231A98DB00ABE53C /* Resources */,
				D3B75012231A994300ABE53C /* Embed Frameworks */,
			);
			buildRules = (
			);
			dependencies = (
			);
			name = EasyAutoLayoutSampler;
			productName = EasyAutoLayoutSampler;
			productReference = D3B74FFA231A98DB00ABE53C /* EasyAutoLayoutSampler.app */;
			productType = "com.apple.product-type.application";
		};
/* End PBXNativeTarget section */

/* Begin PBXProject section */
		D3B74FF2231A98DB00ABE53C /* Project object */ = {
			isa = PBXProject;
			attributes = {
				LastSwiftUpdateCheck = 1030;
				LastUpgradeCheck = 1030;
				ORGANIZATIONNAME = "Fumiya Tanaka";
				TargetAttributes = {
					D3B74FF9231A98DB00ABE53C = {
						CreatedOnToolsVersion = 10.3;
					};
				};
			};
			buildConfigurationList = D3B74FF5231A98DB00ABE53C /* Build configuration list for PBXProject "EasyAutoLayoutSampler" */;
			compatibilityVersion = "Xcode 9.3";
			developmentRegion = en;
			hasScannedForEncodings = 0;
			knownRegions = (
				en,
				Base,
			);
			mainGroup = D3B74FF1231A98DB00ABE53C;
			productRefGroup = D3B74FFB231A98DB00ABE53C /* Products */;
			projectDirPath = "";
			projectRoot = "";
			targets = (
				D3B74FF9231A98DB00ABE53C /* EasyAutoLayoutSampler */,
			);
		};
/* End PBXProject section */

/* Begin PBXResourcesBuildPhase section */
		D3B74FF8231A98DB00ABE53C /* Resources */ = {
			isa = PBXResourcesBuildPhase;
			buildActionMask = 2147483647;
			files = (
				D3B75008231A98DB00ABE53C /* LaunchScreen.storyboard in Resources */,
				D3B75005231A98DB00ABE53C /* Assets.xcassets in Resources */,
				D3B75003231A98DB00ABE53C /* Main.storyboard in Resources */,
			);
			runOnlyForDeploymentPostprocessing = 0;
		};
/* End PBXResourcesBuildPhase section */

/* Begin PBXSourcesBuildPhase section */
		D3B74FF6231A98DB00ABE53C /* Sources */ = {
			isa = PBXSourcesBuildPhase;
			buildActionMask = 2147483647;
			files = (
				D3B75000231A98DB00ABE53C /* ViewController.swift in Sources */,
				D3B74FFE231A98DB00ABE53C /* AppDelegate.swift in Sources */,
			);
			runOnlyForDeploymentPostprocessing = 0;
		};
/* End PBXSourcesBuildPhase section */

/* Begin PBXVariantGroup section */
		D3B75001231A98DB00ABE53C /* Main.storyboard */ = {
			isa = PBXVariantGroup;
			children = (
				D3B75002231A98DB00ABE53C /* Base */,
			);
			name = Main.storyboard;
			sourceTree = "<group>";
		};
		D3B75006231A98DB00ABE53C /* LaunchScreen.storyboard */ = {
			isa = PBXVariantGroup;
			children = (
				D3B75007231A98DB00ABE53C /* Base */,
			);
			name = LaunchScreen.storyboard;
			sourceTree = "<group>";
		};
/* End PBXVariantGroup section */

/* Begin XCBuildConfiguration section */
		D3B7500A231A98DB00ABE53C /* Debug */ = {
			isa = XCBuildConfiguration;
			buildSettings = {
				ALWAYS_SEARCH_USER_PATHS = NO;
				CLANG_ANALYZER_NONNULL = YES;
				CLANG_ANALYZER_NUMBER_OBJECT_CONVERSION = YES_AGGRESSIVE;
				CLANG_CXX_LANGUAGE_STANDARD = "gnu++14";
				CLANG_CXX_LIBRARY = "libc++";
				CLANG_ENABLE_MODULES = YES;
				CLANG_ENABLE_OBJC_ARC = YES;
				CLANG_ENABLE_OBJC_WEAK = YES;
				CLANG_WARN_BLOCK_CAPTURE_AUTORELEASING = YES;
				CLANG_WARN_BOOL_CONVERSION = YES;
				CLANG_WARN_COMMA = YES;
				CLANG_WARN_CONSTANT_CONVERSION = YES;
				CLANG_WARN_DEPRECATED_OBJC_IMPLEMENTATIONS = YES;
				CLANG_WARN_DIRECT_OBJC_ISA_USAGE = YES_ERROR;
				CLANG_WARN_DOCUMENTATION_COMMENTS = YES;
				CLANG_WARN_EMPTY_BODY = YES;
				CLANG_WARN_ENUM_CONVERSION = YES;
				CLANG_WARN_INFINITE_RECURSION = YES;
				CLANG_WARN_INT_CONVERSION = YES;
				CLANG_WARN_NON_LITERAL_NULL_CONVERSION = YES;
				CLANG_WARN_OBJC_IMPLICIT_RETAIN_SELF = YES;
				CLANG_WARN_OBJC_LITERAL_CONVERSION = YES;
				CLANG_WARN_OBJC_ROOT_CLASS = YES_ERROR;
				CLANG_WARN_RANGE_LOOP_ANALYSIS = YES;
				CLANG_WARN_STRICT_PROTOTYPES = YES;
				CLANG_WARN_SUSPICIOUS_MOVE = YES;
				CLANG_WARN_UNGUARDED_AVAILABILITY = YES_AGGRESSIVE;
				CLANG_WARN_UNREACHABLE_CODE = YES;
				CLANG_WARN__DUPLICATE_METHOD_MATCH = YES;
				CODE_SIGN_IDENTITY = "iPhone Developer";
				COPY_PHASE_STRIP = NO;
				DEBUG_INFORMATION_FORMAT = dwarf;
				ENABLE_STRICT_OBJC_MSGSEND = YES;
				ENABLE_TESTABILITY = YES;
				GCC_C_LANGUAGE_STANDARD = gnu11;
				GCC_DYNAMIC_NO_PIC = NO;
				GCC_NO_COMMON_BLOCKS = YES;
				GCC_OPTIMIZATION_LEVEL = 0;
				GCC_PREPROCESSOR_DEFINITIONS = (
					"DEBUG=1",
					"$(inherited)",
				);
				GCC_WARN_64_TO_32_BIT_CONVERSION = YES;
				GCC_WARN_ABOUT_RETURN_TYPE = YES_ERROR;
				GCC_WARN_UNDECLARED_SELECTOR = YES;
				GCC_WARN_UNINITIALIZED_AUTOS = YES_AGGRESSIVE;
				GCC_WARN_UNUSED_FUNCTION = YES;
				GCC_WARN_UNUSED_VARIABLE = YES;
				IPHONEOS_DEPLOYMENT_TARGET = 12.4;
				MTL_ENABLE_DEBUG_INFO = INCLUDE_SOURCE;
				MTL_FAST_MATH = YES;
				ONLY_ACTIVE_ARCH = YES;
				SDKROOT = iphoneos;
				SWIFT_ACTIVE_COMPILATION_CONDITIONS = DEBUG;
				SWIFT_OPTIMIZATION_LEVEL = "-Onone";
			};
			name = Debug;
		};
		D3B7500B231A98DB00ABE53C /* Release */ = {
			isa = XCBuildConfiguration;
			buildSettings = {
				ALWAYS_SEARCH_USER_PATHS = NO;
				CLANG_ANALYZER_NONNULL = YES;
				CLANG_ANALYZER_NUMBER_OBJECT_CONVERSION = YES_AGGRESSIVE;
				CLANG_CXX_LANGUAGE_STANDARD = "gnu++14";
				CLANG_CXX_LIBRARY = "libc++";
				CLANG_ENABLE_MODULES = YES;
				CLANG_ENABLE_OBJC_ARC = YES;
				CLANG_ENABLE_OBJC_WEAK = YES;
				CLANG_WARN_BLOCK_CAPTURE_AUTORELEASING = YES;
				CLANG_WARN_BOOL_CONVERSION = YES;
				CLANG_WARN_COMMA = YES;
				CLANG_WARN_CONSTANT_CONVERSION = YES;
				CLANG_WARN_DEPRECATED_OBJC_IMPLEMENTATIONS = YES;
				CLANG_WARN_DIRECT_OBJC_ISA_USAGE = YES_ERROR;
				CLANG_WARN_DOCUMENTATION_COMMENTS = YES;
				CLANG_WARN_EMPTY_BODY = YES;
				CLANG_WARN_ENUM_CONVERSION = YES;
				CLANG_WARN_INFINITE_RECURSION = YES;
				CLANG_WARN_INT_CONVERSION = YES;
				CLANG_WARN_NON_LITERAL_NULL_CONVERSION = YES;
				CLANG_WARN_OBJC_IMPLICIT_RETAIN_SELF = YES;
				CLANG_WARN_OBJC_LITERAL_CONVERSION = YES;
				CLANG_WARN_OBJC_ROOT_CLASS = YES_ERROR;
				CLANG_WARN_RANGE_LOOP_ANALYSIS = YES;
				CLANG_WARN_STRICT_PROTOTYPES = YES;
				CLANG_WARN_SUSPICIOUS_MOVE = YES;
				CLANG_WARN_UNGUARDED_AVAILABILITY = YES_AGGRESSIVE;
				CLANG_WARN_UNREACHABLE_CODE = YES;
				CLANG_WARN__DUPLICATE_METHOD_MATCH = YES;
				CODE_SIGN_IDENTITY = "iPhone Developer";
				COPY_PHASE_STRIP = NO;
				DEBUG_INFORMATION_FORMAT = "dwarf-with-dsym";
				ENABLE_NS_ASSERTIONS = NO;
				ENABLE_STRICT_OBJC_MSGSEND = YES;
				GCC_C_LANGUAGE_STANDARD = gnu11;
				GCC_NO_COMMON_BLOCKS = YES;
				GCC_WARN_64_TO_32_BIT_CONVERSION = YES;
				GCC_WARN_ABOUT_RETURN_TYPE = YES_ERROR;
				GCC_WARN_UNDECLARED_SELECTOR = YES;
				GCC_WARN_UNINITIALIZED_AUTOS = YES_AGGRESSIVE;
				GCC_WARN_UNUSED_FUNCTION = YES;
				GCC_WARN_UNUSED_VARIABLE = YES;
				IPHONEOS_DEPLOYMENT_TARGET = 12.4;
				MTL_ENABLE_DEBUG_INFO = NO;
				MTL_FAST_MATH = YES;
				SDKROOT = iphoneos;
				SWIFT_COMPILATION_MODE = wholemodule;
				SWIFT_OPTIMIZATION_LEVEL = "-O";
				VALIDATE_PRODUCT = YES;
			};
			name = Release;
		};
		D3B7500D231A98DB00ABE53C /* Debug */ = {
			isa = XCBuildConfiguration;
			buildSettings = {
				ASSETCATALOG_COMPILER_APPICON_NAME = AppIcon;
				CODE_SIGN_STYLE = Automatic;
				DEVELOPMENT_TEAM = 2X6AD4W323;
				FRAMEWORK_SEARCH_PATHS = (
					"$(inherited)",
					"$(PROJECT_DIR)",
				);
				INFOPLIST_FILE = EasyAutoLayoutSampler/Info.plist;
				LD_RUNPATH_SEARCH_PATHS = (
					"$(inherited)",
					"@executable_path/Frameworks",
				);
				PRODUCT_BUNDLE_IDENTIFIER = com.fumiya.EasyAutoLayoutSampler;
				PRODUCT_NAME = "$(TARGET_NAME)";
				SWIFT_VERSION = 5.0;
				TARGETED_DEVICE_FAMILY = "1,2";
			};
			name = Debug;
		};
		D3B7500E231A98DB00ABE53C /* Release */ = {
			isa = XCBuildConfiguration;
			buildSettings = {
				ASSETCATALOG_COMPILER_APPICON_NAME = AppIcon;
				CODE_SIGN_STYLE = Automatic;
				DEVELOPMENT_TEAM = 2X6AD4W323;
				FRAMEWORK_SEARCH_PATHS = (
					"$(inherited)",
					"$(PROJECT_DIR)",
				);
				INFOPLIST_FILE = EasyAutoLayoutSampler/Info.plist;
				LD_RUNPATH_SEARCH_PATHS = (
					"$(inherited)",
					"@executable_path/Frameworks",
				);
				PRODUCT_BUNDLE_IDENTIFIER = com.fumiya.EasyAutoLayoutSampler;
				PRODUCT_NAME = "$(TARGET_NAME)";
				SWIFT_VERSION = 5.0;
				TARGETED_DEVICE_FAMILY = "1,2";
			};
			name = Release;
		};
/* End XCBuildConfiguration section */

/* Begin XCConfigurationList section */
		D3B74FF5231A98DB00ABE53C /* Build configuration list for PBXProject "EasyAutoLayoutSampler" */ = {
			isa = XCConfigurationList;
			buildConfigurations = (
				D3B7500A231A98DB00ABE53C /* Debug */,
				D3B7500B231A98DB00ABE53C /* Release */,
			);
			defaultConfigurationIsVisible = 0;
			defaultConfigurationName = Release;
		};
		D3B7500C231A98DB00ABE53C /* Build configuration list for PBXNativeTarget "EasyAutoLayoutSampler" */ = {
			isa = XCConfigurationList;
			buildConfigurations = (
				D3B7500D231A98DB00ABE53C /* Debug */,
				D3B7500E231A98DB00ABE53C /* Release */,
			);
			defaultConfigurationIsVisible = 0;
			defaultConfigurationName = Release;
		};
/* End XCConfigurationList section */
	};
	rootObject = D3B74FF2231A98DB00ABE53C /* Project object */;
}
